
Microsoft Visual Studio Solution File, Format Version 12.00
# Visual Studio Version 17
VisualStudioVersion = 17.6.33815.320
MinimumVisualStudioVersion = 10.0.40219.1
Project("{9A19103F-16F7-4668-BE54-9A1E7A4F7556}") = "PointBuilder", "PointBuilder\PointBuilder.csproj", "{016EA1EA-29FD-4B7F-9E63-2E74D24A4564}"
EndProject
Global
	GlobalSection(SolutionConfigurationPlatforms) = preSolution
		Debug|Any CPU = Debug|Any CPU
		Release|Any CPU = Release|Any CPU
	EndGlobalSection
	GlobalSection(ProjectConfigurationPlatforms) = postSolution
		{016EA1EA-29FD-4B7F-9E63-2E74D24A4564}.Debug|Any CPU.ActiveCfg = Debug|Any CPU
		{016EA1EA-29FD-4B7F-9E63-2E74D24A4564}.Debug|Any CPU.Build.0 = Debug|Any CPU
		{016EA1EA-29FD-4B7F-9E63-2E74D24A4564}.Release|Any CPU.ActiveCfg = Release|Any CPU
		{016EA1EA-29FD-4B7F-9E63-2E74D24A4564}.Release|Any CPU.Build.0 = Release|Any CPU
	EndGlobalSection
	GlobalSection(SolutionProperties) = preSolution
		HideSolutionNode = FALSE
	EndGlobalSection
	GlobalSection(ExtensibilityGlobals) = postSolution
		SolutionGuid = {22227C83-B1A9-49EF-9323-C08051E837CF}
	EndGlobalSection
EndGlobal
